
Microsoft Visual Studio Solution File, Format Version 12.00
# Visual Studio Version 17
VisualStudioVersion = 17.2.32602.215
MinimumVisualStudioVersion = 10.0.40219.1
Project("{FAE04EC0-301F-11D3-BF4B-00C04F79EFBC}") = "FlowDiagrams", "FlowDiagrams\FlowDiagrams.csproj", "{CF9B6D4D-07EE-4864-BFB4-E604BAEEAAB8}"
EndProject
Global
	GlobalSection(SolutionConfigurationPlatforms) = preSolution
		Debug|Any CPU = Debug|Any CPU
		Release|Any CPU = Release|Any CPU
	EndGlobalSection
	GlobalSection(ProjectConfigurationPlatforms) = postSolution
		{CF9B6D4D-07EE-4864-BFB4-E604BAEEAAB8}.Debug|Any CPU.ActiveCfg = Debug|Any CPU
		{CF9B6D4D-07EE-4864-BFB4-E604BAEEAAB8}.Debug|Any CPU.Build.0 = Debug|Any CPU
		{CF9B6D4D-07EE-4864-BFB4-E604BAEEAAB8}.Release|Any CPU.ActiveCfg = Release|Any CPU
		{CF9B6D4D-07EE-4864-BFB4-E604BAEEAAB8}.Release|Any CPU.Build.0 = Release|Any CPU
	EndGlobalSection
	GlobalSection(SolutionProperties) = preSolution
		HideSolutionNode = FALSE
	EndGlobalSection
	GlobalSection(ExtensibilityGlobals) = postSolution
		SolutionGuid = {A6FCDEC3-25AD-450F-9C2C-5B41CE59D19E}
	EndGlobalSection
EndGlobal
